<?xml version="1.0" encoding="utf-8"?>
<Project ToolsVersion="17.0" xmlns="http://schemas.microsoft.com/developer/msbuild/2003">
  <ItemGroup>
    <CustomBuild Include="E:\Piccolo-0.0.9\build\CMakeFiles\9ec652873bd945fd6b96c666a2a548fe\axis.frag.spv.rule">
      <Filter>CMake Rules</Filter>
    </CustomBuild>
    <CustomBuild Include="E:\Piccolo-0.0.9\build\CMakeFiles\35780e86bcd70420df6b06d20630e5cf\axis_frag.h.rule">
      <Filter>CMake Rules</Filter>
    </CustomBuild>
    <CustomBuild Include="E:\Piccolo-0.0.9\build\CMakeFiles\9ec652873bd945fd6b96c666a2a548fe\axis.vert.spv.rule">
      <Filter>CMake Rules</Filter>
    </CustomBuild>
    <CustomBuild Include="E:\Piccolo-0.0.9\build\CMakeFiles\35780e86bcd70420df6b06d20630e5cf\axis_vert.h.rule">
      <Filter>CMake Rules</Filter>
    </CustomBuild>
    <CustomBuild Include="E:\Piccolo-0.0.9\build\CMakeFiles\9ec652873bd945fd6b96c666a2a548fe\color_grading.frag.spv.rule">
      <Filter>CMake Rules</Filter>
    </CustomBuild>
    <CustomBuild Include="E:\Piccolo-0.0.9\build\CMakeFiles\35780e86bcd70420df6b06d20630e5cf\color_grading_frag.h.rule">
      <Filter>CMake Rules</Filter>
    </CustomBuild>
    <CustomBuild Include="E:\Piccolo-0.0.9\build\CMakeFiles\9ec652873bd945fd6b96c666a2a548fe\combine_ui.frag.spv.rule">
      <Filter>CMake Rules</Filter>
    </CustomBuild>
    <CustomBuild Include="E:\Piccolo-0.0.9\build\CMakeFiles\35780e86bcd70420df6b06d20630e5cf\combine_ui_frag.h.rule">
      <Filter>CMake Rules</Filter>
    </CustomBuild>
    <CustomBuild Include="E:\Piccolo-0.0.9\build\CMakeFiles\9ec652873bd945fd6b96c666a2a548fe\debugdraw.frag.spv.rule">
      <Filter>CMake Rules</Filter>
    </CustomBuild>
    <CustomBuild Include="E:\Piccolo-0.0.9\build\CMakeFiles\35780e86bcd70420df6b06d20630e5cf\debugdraw_frag.h.rule">
      <Filter>CMake Rules</Filter>
    </CustomBuild>
    <CustomBuild Include="E:\Piccolo-0.0.9\build\CMakeFiles\9ec652873bd945fd6b96c666a2a548fe\debugdraw.vert.spv.rule">
      <Filter>CMake Rules</Filter>
    </CustomBuild>
    <CustomBuild Include="E:\Piccolo-0.0.9\build\CMakeFiles\35780e86bcd70420df6b06d20630e5cf\debugdraw_vert.h.rule">
      <Filter>CMake Rules</Filter>
    </CustomBuild>
    <CustomBuild Include="E:\Piccolo-0.0.9\build\CMakeFiles\9ec652873bd945fd6b96c666a2a548fe\deferred_lighting.frag.spv.rule">
      <Filter>CMake Rules</Filter>
    </CustomBuild>
    <CustomBuild Include="E:\Piccolo-0.0.9\build\CMakeFiles\35780e86bcd70420df6b06d20630e5cf\deferred_lighting_frag.h.rule">
      <Filter>CMake Rules</Filter>
    </CustomBuild>
    <CustomBuild Include="E:\Piccolo-0.0.9\build\CMakeFiles\9ec652873bd945fd6b96c666a2a548fe\deferred_lighting.vert.spv.rule">
      <Filter>CMake Rules</Filter>
    </CustomBuild>
    <CustomBuild Include="E:\Piccolo-0.0.9\build\CMakeFiles\35780e86bcd70420df6b06d20630e5cf\deferred_lighting_vert.h.rule">
      <Filter>CMake Rules</Filter>
    </CustomBuild>
    <CustomBuild Include="E:\Piccolo-0.0.9\build\CMakeFiles\9ec652873bd945fd6b96c666a2a548fe\fxaa.frag.spv.rule">
      <Filter>CMake Rules</Filter>
    </CustomBuild>
    <CustomBuild Include="E:\Piccolo-0.0.9\build\CMakeFiles\35780e86bcd70420df6b06d20630e5cf\fxaa_frag.h.rule">
      <Filter>CMake Rules</Filter>
    </CustomBuild>
    <CustomBuild Include="E:\Piccolo-0.0.9\build\CMakeFiles\9ec652873bd945fd6b96c666a2a548fe\fxaa.vert.spv.rule">
      <Filter>CMake Rules</Filter>
    </CustomBuild>
    <CustomBuild Include="E:\Piccolo-0.0.9\build\CMakeFiles\35780e86bcd70420df6b06d20630e5cf\fxaa_vert.h.rule">
      <Filter>CMake Rules</Filter>
    </CustomBuild>
    <CustomBuild Include="E:\Piccolo-0.0.9\build\CMakeFiles\9ec652873bd945fd6b96c666a2a548fe\mesh_directional_light_shadow.frag.spv.rule">
      <Filter>CMake Rules</Filter>
    </CustomBuild>
    <CustomBuild Include="E:\Piccolo-0.0.9\build\CMakeFiles\35780e86bcd70420df6b06d20630e5cf\mesh_directional_light_shadow_frag.h.rule">
      <Filter>CMake Rules</Filter>
    </CustomBuild>
    <CustomBuild Include="E:\Piccolo-0.0.9\build\CMakeFiles\9ec652873bd945fd6b96c666a2a548fe\mesh_directional_light_shadow.vert.spv.rule">
      <Filter>CMake Rules</Filter>
    </CustomBuild>
    <CustomBuild Include="E:\Piccolo-0.0.9\build\CMakeFiles\35780e86bcd70420df6b06d20630e5cf\mesh_directional_light_shadow_vert.h.rule">
      <Filter>CMake Rules</Filter>
    </CustomBuild>
    <CustomBuild Include="E:\Piccolo-0.0.9\build\CMakeFiles\9ec652873bd945fd6b96c666a2a548fe\mesh.frag.spv.rule">
      <Filter>CMake Rules</Filter>
    </CustomBuild>
    <CustomBuild Include="E:\Piccolo-0.0.9\build\CMakeFiles\35780e86bcd70420df6b06d20630e5cf\mesh_frag.h.rule">
      <Filter>CMake Rules</Filter>
    </CustomBuild>
    <CustomBuild Include="E:\Piccolo-0.0.9\build\CMakeFiles\9ec652873bd945fd6b96c666a2a548fe\mesh_gbuffer.frag.spv.rule">
      <Filter>CMake Rules</Filter>
    </CustomBuild>
    <CustomBuild Include="E:\Piccolo-0.0.9\build\CMakeFiles\35780e86bcd70420df6b06d20630e5cf\mesh_gbuffer_frag.h.rule">
      <Filter>CMake Rules</Filter>
    </CustomBuild>
    <CustomBuild Include="E:\Piccolo-0.0.9\build\CMakeFiles\9ec652873bd945fd6b96c666a2a548fe\mesh_inefficient_pick.frag.spv.rule">
      <Filter>CMake Rules</Filter>
    </CustomBuild>
    <CustomBuild Include="E:\Piccolo-0.0.9\build\CMakeFiles\35780e86bcd70420df6b06d20630e5cf\mesh_inefficient_pick_frag.h.rule">
      <Filter>CMake Rules</Filter>
    </CustomBuild>
    <CustomBuild Include="E:\Piccolo-0.0.9\build\CMakeFiles\9ec652873bd945fd6b96c666a2a548fe\mesh_inefficient_pick.vert.spv.rule">
      <Filter>CMake Rules</Filter>
    </CustomBuild>
    <CustomBuild Include="E:\Piccolo-0.0.9\build\CMakeFiles\35780e86bcd70420df6b06d20630e5cf\mesh_inefficient_pick_vert.h.rule">
      <Filter>CMake Rules</Filter>
    </CustomBuild>
    <CustomBuild Include="E:\Piccolo-0.0.9\build\CMakeFiles\9ec652873bd945fd6b96c666a2a548fe\mesh_point_light_shadow.frag.spv.rule">
      <Filter>CMake Rules</Filter>
    </CustomBuild>
    <CustomBuild Include="E:\Piccolo-0.0.9\build\CMakeFiles\35780e86bcd70420df6b06d20630e5cf\mesh_point_light_shadow_frag.h.rule">
      <Filter>CMake Rules</Filter>
    </CustomBuild>
    <CustomBuild Include="E:\Piccolo-0.0.9\build\CMakeFiles\9ec652873bd945fd6b96c666a2a548fe\mesh_point_light_shadow.geom.spv.rule">
      <Filter>CMake Rules</Filter>
    </CustomBuild>
    <CustomBuild Include="E:\Piccolo-0.0.9\build\CMakeFiles\35780e86bcd70420df6b06d20630e5cf\mesh_point_light_shadow_geom.h.rule">
      <Filter>CMake Rules</Filter>
    </CustomBuild>
    <CustomBuild Include="E:\Piccolo-0.0.9\build\CMakeFiles\9ec652873bd945fd6b96c666a2a548fe\mesh_point_light_shadow.vert.spv.rule">
      <Filter>CMake Rules</Filter>
    </CustomBuild>
    <CustomBuild Include="E:\Piccolo-0.0.9\build\CMakeFiles\35780e86bcd70420df6b06d20630e5cf\mesh_point_light_shadow_vert.h.rule">
      <Filter>CMake Rules</Filter>
    </CustomBuild>
    <CustomBuild Include="E:\Piccolo-0.0.9\build\CMakeFiles\9ec652873bd945fd6b96c666a2a548fe\mesh.vert.spv.rule">
      <Filter>CMake Rules</Filter>
    </CustomBuild>
    <CustomBuild Include="E:\Piccolo-0.0.9\build\CMakeFiles\35780e86bcd70420df6b06d20630e5cf\mesh_vert.h.rule">
      <Filter>CMake Rules</Filter>
    </CustomBuild>
    <CustomBuild Include="E:\Piccolo-0.0.9\build\CMakeFiles\9ec652873bd945fd6b96c666a2a548fe\particle_emit.comp.spv.rule">
      <Filter>CMake Rules</Filter>
    </CustomBuild>
    <CustomBuild Include="E:\Piccolo-0.0.9\build\CMakeFiles\35780e86bcd70420df6b06d20630e5cf\particle_emit_comp.h.rule">
      <Filter>CMake Rules</Filter>
    </CustomBuild>
    <CustomBuild Include="E:\Piccolo-0.0.9\build\CMakeFiles\9ec652873bd945fd6b96c666a2a548fe\particle_kickoff.comp.spv.rule">
      <Filter>CMake Rules</Filter>
    </CustomBuild>
    <CustomBuild Include="E:\Piccolo-0.0.9\build\CMakeFiles\35780e86bcd70420df6b06d20630e5cf\particle_kickoff_comp.h.rule">
      <Filter>CMake Rules</Filter>
    </CustomBuild>
    <CustomBuild Include="E:\Piccolo-0.0.9\build\CMakeFiles\9ec652873bd945fd6b96c666a2a548fe\particle_simulate.comp.spv.rule">
      <Filter>CMake Rules</Filter>
    </CustomBuild>
    <CustomBuild Include="E:\Piccolo-0.0.9\build\CMakeFiles\35780e86bcd70420df6b06d20630e5cf\particle_simulate_comp.h.rule">
      <Filter>CMake Rules</Filter>
    </CustomBuild>
    <CustomBuild Include="E:\Piccolo-0.0.9\build\CMakeFiles\9ec652873bd945fd6b96c666a2a548fe\particlebillboard.frag.spv.rule">
      <Filter>CMake Rules</Filter>
    </CustomBuild>
    <CustomBuild Include="E:\Piccolo-0.0.9\build\CMakeFiles\35780e86bcd70420df6b06d20630e5cf\particlebillboard_frag.h.rule">
      <Filter>CMake Rules</Filter>
    </CustomBuild>
    <CustomBuild Include="E:\Piccolo-0.0.9\build\CMakeFiles\9ec652873bd945fd6b96c666a2a548fe\particlebillboard.vert.spv.rule">
      <Filter>CMake Rules</Filter>
    </CustomBuild>
    <CustomBuild Include="E:\Piccolo-0.0.9\build\CMakeFiles\35780e86bcd70420df6b06d20630e5cf\particlebillboard_vert.h.rule">
      <Filter>CMake Rules</Filter>
    </CustomBuild>
    <CustomBuild Include="E:\Piccolo-0.0.9\build\CMakeFiles\9ec652873bd945fd6b96c666a2a548fe\post_process.vert.spv.rule">
      <Filter>CMake Rules</Filter>
    </CustomBuild>
    <CustomBuild Include="E:\Piccolo-0.0.9\build\CMakeFiles\35780e86bcd70420df6b06d20630e5cf\post_process_vert.h.rule">
      <Filter>CMake Rules</Filter>
    </CustomBuild>
    <CustomBuild Include="E:\Piccolo-0.0.9\build\CMakeFiles\9ec652873bd945fd6b96c666a2a548fe\skybox.frag.spv.rule">
      <Filter>CMake Rules</Filter>
    </CustomBuild>
    <CustomBuild Include="E:\Piccolo-0.0.9\build\CMakeFiles\35780e86bcd70420df6b06d20630e5cf\skybox_frag.h.rule">
      <Filter>CMake Rules</Filter>
    </CustomBuild>
    <CustomBuild Include="E:\Piccolo-0.0.9\build\CMakeFiles\9ec652873bd945fd6b96c666a2a548fe\skybox.vert.spv.rule">
      <Filter>CMake Rules</Filter>
    </CustomBuild>
    <CustomBuild Include="E:\Piccolo-0.0.9\build\CMakeFiles\35780e86bcd70420df6b06d20630e5cf\skybox_vert.h.rule">
      <Filter>CMake Rules</Filter>
    </CustomBuild>
    <CustomBuild Include="E:\Piccolo-0.0.9\build\CMakeFiles\9ec652873bd945fd6b96c666a2a548fe\tone_mapping.frag.spv.rule">
      <Filter>CMake Rules</Filter>
    </CustomBuild>
    <CustomBuild Include="E:\Piccolo-0.0.9\build\CMakeFiles\35780e86bcd70420df6b06d20630e5cf\tone_mapping_frag.h.rule">
      <Filter>CMake Rules</Filter>
    </CustomBuild>
    <CustomBuild Include="E:\Piccolo-0.0.9\build\CMakeFiles\e027fe69f2813039a2c034d3be891387\PiccoloShaderCompile.rule">
      <Filter>CMake Rules</Filter>
    </CustomBuild>
    <CustomBuild Include="E:\Piccolo-0.0.9\engine\shader\CMakeLists.txt" />
  </ItemGroup>
  <ItemGroup>
    <None Include="E:\Piccolo-0.0.9\engine\shader\glsl\axis.frag">
      <Filter>shaders</Filter>
    </None>
    <None Include="E:\Piccolo-0.0.9\engine\shader\glsl\axis.vert">
      <Filter>shaders</Filter>
    </None>
    <None Include="E:\Piccolo-0.0.9\engine\shader\glsl\color_grading.frag">
      <Filter>shaders</Filter>
    </None>
    <None Include="E:\Piccolo-0.0.9\engine\shader\glsl\combine_ui.frag">
      <Filter>shaders</Filter>
    </None>
    <None Include="E:\Piccolo-0.0.9\engine\shader\glsl\debugdraw.frag">
      <Filter>shaders</Filter>
    </None>
    <None Include="E:\Piccolo-0.0.9\engine\shader\glsl\debugdraw.vert">
      <Filter>shaders</Filter>
    </None>
    <None Include="E:\Piccolo-0.0.9\engine\shader\glsl\deferred_lighting.frag">
      <Filter>shaders</Filter>
    </None>
    <None Include="E:\Piccolo-0.0.9\engine\shader\glsl\deferred_lighting.vert">
      <Filter>shaders</Filter>
    </None>
    <None Include="E:\Piccolo-0.0.9\engine\shader\glsl\fxaa.frag">
      <Filter>shaders</Filter>
    </None>
    <None Include="E:\Piccolo-0.0.9\engine\shader\glsl\fxaa.vert">
      <Filter>shaders</Filter>
    </None>
    <None Include="E:\Piccolo-0.0.9\engine\shader\glsl\mesh.frag">
      <Filter>shaders</Filter>
    </None>
    <None Include="E:\Piccolo-0.0.9\engine\shader\glsl\mesh.vert">
      <Filter>shaders</Filter>
    </None>
    <None Include="E:\Piccolo-0.0.9\engine\shader\glsl\mesh_directional_light_shadow.frag">
      <Filter>shaders</Filter>
    </None>
    <None Include="E:\Piccolo-0.0.9\engine\shader\glsl\mesh_directional_light_shadow.vert">
      <Filter>shaders</Filter>
    </None>
    <None Include="E:\Piccolo-0.0.9\engine\shader\glsl\mesh_gbuffer.frag">
      <Filter>shaders</Filter>
    </None>
    <None Include="E:\Piccolo-0.0.9\engine\shader\glsl\mesh_inefficient_pick.frag">
      <Filter>shaders</Filter>
    </None>
    <None Include="E:\Piccolo-0.0.9\engine\shader\glsl\mesh_inefficient_pick.vert">
      <Filter>shaders</Filter>
    </None>
    <None Include="E:\Piccolo-0.0.9\engine\shader\glsl\mesh_point_light_shadow.frag">
      <Filter>shaders</Filter>
    </None>
    <None Include="E:\Piccolo-0.0.9\engine\shader\glsl\mesh_point_light_shadow.geom">
      <Filter>shaders</Filter>
    </None>
    <None Include="E:\Piccolo-0.0.9\engine\shader\glsl\mesh_point_light_shadow.vert">
      <Filter>shaders</Filter>
    </None>
    <None Include="E:\Piccolo-0.0.9\engine\shader\glsl\particle_emit.comp">
      <Filter>shaders</Filter>
    </None>
    <None Include="E:\Piccolo-0.0.9\engine\shader\glsl\particle_kickoff.comp">
      <Filter>shaders</Filter>
    </None>
    <None Include="E:\Piccolo-0.0.9\engine\shader\glsl\particle_simulate.comp">
      <Filter>shaders</Filter>
    </None>
    <None Include="E:\Piccolo-0.0.9\engine\shader\glsl\particlebillboard.frag">
      <Filter>shaders</Filter>
    </None>
    <None Include="E:\Piccolo-0.0.9\engine\shader\glsl\particlebillboard.vert">
      <Filter>shaders</Filter>
    </None>
    <None Include="E:\Piccolo-0.0.9\engine\shader\glsl\post_process.vert">
      <Filter>shaders</Filter>
    </None>
    <None Include="E:\Piccolo-0.0.9\engine\shader\glsl\skybox.frag">
      <Filter>shaders</Filter>
    </None>
    <None Include="E:\Piccolo-0.0.9\engine\shader\glsl\skybox.vert">
      <Filter>shaders</Filter>
    </None>
    <None Include="E:\Piccolo-0.0.9\engine\shader\glsl\tone_mapping.frag">
      <Filter>shaders</Filter>
    </None>
    <None Include="E:\Piccolo-0.0.9\build\engine\shader\CMakeFiles\PiccoloShaderCompile" />
  </ItemGroup>
  <ItemGroup>
    <Filter Include="CMake Rules">
      <UniqueIdentifier>{828DD2E8-A970-3F5C-BE0A-6E083A47A558}</UniqueIdentifier>
    </Filter>
    <Filter Include="shaders">
      <UniqueIdentifier>{7C351A1B-4C3A-38FE-BEE9-42FD413674A6}</UniqueIdentifier>
    </Filter>
  </ItemGroup>
</Project>
