<?xml version="1.0" encoding="utf-8"?>
<Project ToolsVersion="17.0" xmlns="http://schemas.microsoft.com/developer/msbuild/2003">
  <ItemGroup>
    <ClCompile Include="E:\Piccolo-0.0.9\engine\source\editor\source\axis.cpp">
      <Filter>source</Filter>
    </ClCompile>
    <ClCompile Include="E:\Piccolo-0.0.9\engine\source\editor\source\editor.cpp">
      <Filter>source</Filter>
    </ClCompile>
    <ClCompile Include="E:\Piccolo-0.0.9\engine\source\editor\source\editor_file_service.cpp">
      <Filter>source</Filter>
    </ClCompile>
    <ClCompile Include="E:\Piccolo-0.0.9\engine\source\editor\source\editor_global_context.cpp">
      <Filter>source</Filter>
    </ClCompile>
    <ClCompile Include="E:\Piccolo-0.0.9\engine\source\editor\source\editor_input_manager.cpp">
      <Filter>source</Filter>
    </ClCompile>
    <ClCompile Include="E:\Piccolo-0.0.9\engine\source\editor\source\editor_scene_manager.cpp">
      <Filter>source</Filter>
    </ClCompile>
    <ClCompile Include="E:\Piccolo-0.0.9\engine\source\editor\source\editor_ui.cpp">
      <Filter>source</Filter>
    </ClCompile>
    <ClCompile Include="E:\Piccolo-0.0.9\engine\source\editor\source\main.cpp">
      <Filter>source</Filter>
    </ClCompile>
  </ItemGroup>
  <ItemGroup>
    <ClInclude Include="E:\Piccolo-0.0.9\engine\source\editor\include\axis.h">
      <Filter>include</Filter>
    </ClInclude>
    <ClInclude Include="E:\Piccolo-0.0.9\engine\source\editor\include\editor.h">
      <Filter>include</Filter>
    </ClInclude>
    <ClInclude Include="E:\Piccolo-0.0.9\engine\source\editor\include\editor_file_service.h">
      <Filter>include</Filter>
    </ClInclude>
    <ClInclude Include="E:\Piccolo-0.0.9\engine\source\editor\include\editor_global_context.h">
      <Filter>include</Filter>
    </ClInclude>
    <ClInclude Include="E:\Piccolo-0.0.9\engine\source\editor\include\editor_input_manager.h">
      <Filter>include</Filter>
    </ClInclude>
    <ClInclude Include="E:\Piccolo-0.0.9\engine\source\editor\include\editor_scene_manager.h">
      <Filter>include</Filter>
    </ClInclude>
    <ClInclude Include="E:\Piccolo-0.0.9\engine\source\editor\include\editor_ui.h">
      <Filter>include</Filter>
    </ClInclude>
  </ItemGroup>
  <ItemGroup>
    <CustomBuild Include="E:\Piccolo-0.0.9\engine\source\editor\CMakeLists.txt" />
  </ItemGroup>
  <ItemGroup>
    <ResourceCompile Include="E:\Piccolo-0.0.9\engine\source\editor\resource\PiccoloEditor.rc">
      <Filter>resource</Filter>
    </ResourceCompile>
  </ItemGroup>
  <ItemGroup>
    <Filter Include="include">
      <UniqueIdentifier>{B4126137-B657-3AEE-BE7B-5504457F52A0}</UniqueIdentifier>
    </Filter>
    <Filter Include="resource">
      <UniqueIdentifier>{34D6CC12-BBA7-31D2-A6D7-B68223731F9F}</UniqueIdentifier>
    </Filter>
    <Filter Include="source">
      <UniqueIdentifier>{FFAFCBCE-4514-3EA5-B0FD-592474E2AB32}</UniqueIdentifier>
    </Filter>
  </ItemGroup>
</Project>
